
Microsoft Visual Studio Solution File, Format Version 12.00
# Visual Studio Version 17
VisualStudioVersion = 17.14.36414.22
MinimumVisualStudioVersion = 10.0.40219.1
Project("{2150E333-8FDC-42A3-9474-1A3956D46DE8}") = "1. Programming Logic", "1. Programming Logic", "{02EA681E-C7D8-13C7-8484-4AC65E1B71E8}"
EndProject
Project("{FAE04EC0-301F-11D3-BF4B-00C04F79EFBC}") = "Variables", "1. Programming Logic\Variables\Variables.csproj", "{E006AF19-3B8E-E294-A5A3-17E35CED9C36}"
EndProject
Project("{FAE04EC0-301F-11D3-BF4B-00C04F79EFBC}") = "VariablesExercise", "1. Programming Logic\VariablesExercise\VariablesExercise.csproj", "{9F31BCB2-B4C7-921A-B894-09841C601D7E}"
EndProject
Project("{FAE04EC0-301F-11D3-BF4B-00C04F79EFBC}") = "AssignmentOperators", "1. Programming Logic\AssignmentOperators\AssignmentOperators.csproj", "{B7AC79C6-B1BB-4BB2-9964-A0EA9FEB4B5C}"
EndProject
Project("{FAE04EC0-301F-11D3-BF4B-00C04F79EFBC}") = "Conversion", "1. Programming Logic\Conversion\Conversion\Conversion.csproj", "{D84F56EA-21AD-4614-825E-88B39EEEB484}"
EndProject
Project("{FAE04EC0-301F-11D3-BF4B-00C04F79EFBC}") = "ArithmeticOperators", "AO\ArithmeticOperators.csproj", "{B2167274-8DF2-427D-9D71-B34ACAD47B73}"
EndProject
Project("{FAE04EC0-301F-11D3-BF4B-00C04F79EFBC}") = "DataEntryStr", "DataEntry\DataEntryStr.csproj", "{E5B73624-4E62-422F-A1D5-1DF580D2B976}"
EndProject
Project("{FAE04EC0-301F-11D3-BF4B-00C04F79EFBC}") = "DataEntryNumber", "DataEntryNumber\DataEntryNumber.csproj", "{C810C810-9828-4BA8-93D4-68131C1F9B0B}"
EndProject
Project("{FAE04EC0-301F-11D3-BF4B-00C04F79EFBC}") = "DataEntryExercise", "ConsoleApp1\DataEntryExercise.csproj", "{52D94214-6248-4E68-BCB9-9E7E919D896E}"
EndProject
Project("{FAE04EC0-301F-11D3-BF4B-00C04F79EFBC}") = "SumExercise", "SequencialStructureExercise\SumExercise.csproj", "{E34899AF-9BD0-498D-8589-1CA088C6B39F}"
EndProject
Project("{FAE04EC0-301F-11D3-BF4B-00C04F79EFBC}") = "RadiusExercise", "RadiusExercise\RadiusExercise.csproj", "{667E2665-E3D9-484A-9F31-864CE78F2390}"
EndProject
Project("{FAE04EC0-301F-11D3-BF4B-00C04F79EFBC}") = "DifferenceExercise", "DifferenceExercise\DifferenceExercise.csproj", "{AC7EE8E9-4B48-4A98-832D-55C4E04B82F7}"
EndProject
Project("{2150E333-8FDC-42A3-9474-1A3956D46DE8}") = "Exercises", "Exercises", "{6A430E39-F68F-4D03-8183-FE71BCFE9E08}"
EndProject
Project("{FAE04EC0-301F-11D3-BF4B-00C04F79EFBC}") = "EmployeeExercise", "EmployeeExercise\EmployeeExercise.csproj", "{C8FBE7B1-4648-4BDE-8C4D-83B454521423}"
EndProject
Project("{FAE04EC0-301F-11D3-BF4B-00C04F79EFBC}") = "PriceExercise", "PriceExercise\PriceExercise.csproj", "{DE8F1084-5C44-4CBF-A26C-69B3E342A69C}"
EndProject
Project("{FAE04EC0-301F-11D3-BF4B-00C04F79EFBC}") = "GeometryExercise", "GeometryExercise\GeometryExercise.csproj", "{41C6E3E1-A071-48F9-8275-C934544DCBA4}"
EndProject
Project("{2150E333-8FDC-42A3-9474-1A3956D46DE8}") = "Sequential Structure", "Sequential Structure", "{3DDBF496-3293-4284-9EA5-274B1B7F7927}"
EndProject
Project("{FAE04EC0-301F-11D3-BF4B-00C04F79EFBC}") = "ComparisonOperators", "ComparisonOperators\ComparisonOperators.csproj", "{9E331271-CB0E-4E48-A739-07D4BAB02AC2}"
EndProject
Project("{FAE04EC0-301F-11D3-BF4B-00C04F79EFBC}") = "LogicalOperators", "LogicalOperators\LogicalOperators.csproj", "{C2FCEECB-837F-4F76-A6AA-25DD587E0BE1}"
EndProject
Project("{FAE04EC0-301F-11D3-BF4B-00C04F79EFBC}") = "ConditionalStatements", "ConditionalStatements\ConditionalStatements.csproj", "{39D6DFB4-BEB8-4E4D-8D34-26E99092EF02}"
EndProject
Project("{FAE04EC0-301F-11D3-BF4B-00C04F79EFBC}") = "Functions", "Functions\Functions.csproj", "{532C818D-7DF0-4D0B-850A-811E0B5F695B}"
EndProject
Project("{FAE04EC0-301F-11D3-BF4B-00C04F79EFBC}") = "LoopWhile", "LoopWhile\LoopWhile.csproj", "{929BB6C6-CFD7-4214-817F-9FDBD7D736CC}"
EndProject
Project("{FAE04EC0-301F-11D3-BF4B-00C04F79EFBC}") = "LoopFor", "LoopFor\LoopFor.csproj", "{13C20753-B853-4D7C-902B-B23708B5A836}"
EndProject
Project("{2150E333-8FDC-42A3-9474-1A3956D46DE8}") = "Loop", "Loop", "{B0E6267F-B80D-4B30-B56E-216D977ECDA7}"
EndProject
Project("{FAE04EC0-301F-11D3-BF4B-00C04F79EFBC}") = "OddNumber", "OddNumber\OddNumber.csproj", "{8324835B-BEEB-433D-9903-A891CB0266C7}"
EndProject
Project("{FAE04EC0-301F-11D3-BF4B-00C04F79EFBC}") = "InOut", "InOut\InOut.csproj", "{AEC993AD-C778-4B69-B863-1ACF73439047}"
EndProject
Project("{FAE04EC0-301F-11D3-BF4B-00C04F79EFBC}") = "InOut2", "InOut2\InOut2.csproj", "{229D88FD-BFA6-4BA6-BC3E-A873303936DB}"
EndProject
Project("{FAE04EC0-301F-11D3-BF4B-00C04F79EFBC}") = "TestCase", "TestCase\TestCase.csproj", "{23B2F3F3-9A4D-4466-BE36-3427C33A48DA}"
EndProject
Project("{FAE04EC0-301F-11D3-BF4B-00C04F79EFBC}") = "Division", "Division\Division.csproj", "{CD124047-BB61-4004-A1AE-A330BE0EF62F}"
EndProject
Project("{FAE04EC0-301F-11D3-BF4B-00C04F79EFBC}") = "Factorial", "Factorial\Factorial.csproj", "{611A1051-3D24-45D8-8524-B66190B5A305}"
EndProject
Project("{2150E333-8FDC-42A3-9474-1A3956D46DE8}") = "2. Class, Attributes, Methods, Static Members", "2. Class, Attributes, Methods, Static Members", "{17BD3EF8-39EF-4E9C-B025-C2CAFE058E9B}"
EndProject
Project("{FAE04EC0-301F-11D3-BF4B-00C04F79EFBC}") = "TriangleNonOOP", "Triangle\TriangleNonOOP.csproj", "{E54988D9-ACBE-4AC4-8A5E-F76C4774E9E2}"
EndProject
Project("{FAE04EC0-301F-11D3-BF4B-00C04F79EFBC}") = "TriangleOOP", "TrianglePOO\TriangleOOP.csproj", "{6CB6773D-8539-463D-B6A6-23CB08B1F8A0}"
EndProject
Project("{2150E333-8FDC-42A3-9474-1A3956D46DE8}") = "Exercises", "Exercises", "{19179793-D700-4D9C-9464-E23F2D5AACD7}"
EndProject
Project("{FAE04EC0-301F-11D3-BF4B-00C04F79EFBC}") = "NameAgeOOP", "NameAgeOOP\NameAgeOOP.csproj", "{87E466D0-3E52-4BFD-8DEA-59CFAA5191A3}"
EndProject
Project("{FAE04EC0-301F-11D3-BF4B-00C04F79EFBC}") = "NameSalaryOOP", "NameSalary\NameSalaryOOP.csproj", "{5B9E0923-A9AC-444F-8FCE-54FE3C70FE06}"
EndProject
Project("{FAE04EC0-301F-11D3-BF4B-00C04F79EFBC}") = "StorageOOP", "StorageOOP\StorageOOP.csproj", "{C4B1EE71-733E-4BB4-8FDF-C377AA3F296E}"
EndProject
Project("{FAE04EC0-301F-11D3-BF4B-00C04F79EFBC}") = "RectangleOOP", "Rectangle\RectangleOOP.csproj", "{8E8C60CF-72C7-4F6B-975D-F9D69FB56D26}"
EndProject
Project("{FAE04EC0-301F-11D3-BF4B-00C04F79EFBC}") = "Employee", "Employee\Employee.csproj", "{5632280C-178F-4E3F-A084-A52CC736EB19}"
EndProject
Project("{FAE04EC0-301F-11D3-BF4B-00C04F79EFBC}") = "StudentGrades", "StudentGrades\StudentGrades.csproj", "{5D50C227-4DE1-4162-9A07-FA795AD963E1}"
EndProject
Project("{FAE04EC0-301F-11D3-BF4B-00C04F79EFBC}") = "StaticMembers1", "StaticMembers1\StaticMembers1.csproj", "{5AE2581A-B23C-41B8-B213-AC7E3DB3057F}"
EndProject
Project("{FAE04EC0-301F-11D3-BF4B-00C04F79EFBC}") = "DolarQuotation", "DolarQuotation\DolarQuotation.csproj", "{91E449AD-A8CB-4F28-A460-41FE67856711}"
EndProject
Project("{2150E333-8FDC-42A3-9474-1A3956D46DE8}") = "3. Constructors, This, Overloading, Encapsulation", "3. Constructors, This, Overloading, Encapsulation", "{33BA526F-AE21-4307-938C-9A4DBB677822}"
EndProject
Project("{FAE04EC0-301F-11D3-BF4B-00C04F79EFBC}") = "Constructors", "Constructors\Constructors.csproj", "{8DF7233F-E876-4D1F-8C26-424FA2DEBA7B}"
EndProject
Project("{FAE04EC0-301F-11D3-BF4B-00C04F79EFBC}") = "Overloading", "Overloading\Overloading.csproj", "{3E4B1F18-6348-4026-B8E8-88E44140DADF}"
EndProject
Global
	GlobalSection(SolutionConfigurationPlatforms) = preSolution
		Debug|Any CPU = Debug|Any CPU
		Release|Any CPU = Release|Any CPU
	EndGlobalSection
	GlobalSection(ProjectConfigurationPlatforms) = postSolution
		{E006AF19-3B8E-E294-A5A3-17E35CED9C36}.Debug|Any CPU.ActiveCfg = Debug|Any CPU
		{E006AF19-3B8E-E294-A5A3-17E35CED9C36}.Debug|Any CPU.Build.0 = Debug|Any CPU
		{E006AF19-3B8E-E294-A5A3-17E35CED9C36}.Release|Any CPU.ActiveCfg = Release|Any CPU
		{E006AF19-3B8E-E294-A5A3-17E35CED9C36}.Release|Any CPU.Build.0 = Release|Any CPU
		{9F31BCB2-B4C7-921A-B894-09841C601D7E}.Debug|Any CPU.ActiveCfg = Debug|Any CPU
		{9F31BCB2-B4C7-921A-B894-09841C601D7E}.Debug|Any CPU.Build.0 = Debug|Any CPU
		{9F31BCB2-B4C7-921A-B894-09841C601D7E}.Release|Any CPU.ActiveCfg = Release|Any CPU
		{9F31BCB2-B4C7-921A-B894-09841C601D7E}.Release|Any CPU.Build.0 = Release|Any CPU
		{B7AC79C6-B1BB-4BB2-9964-A0EA9FEB4B5C}.Debug|Any CPU.ActiveCfg = Debug|Any CPU
		{B7AC79C6-B1BB-4BB2-9964-A0EA9FEB4B5C}.Debug|Any CPU.Build.0 = Debug|Any CPU
		{B7AC79C6-B1BB-4BB2-9964-A0EA9FEB4B5C}.Release|Any CPU.ActiveCfg = Release|Any CPU
		{B7AC79C6-B1BB-4BB2-9964-A0EA9FEB4B5C}.Release|Any CPU.Build.0 = Release|Any CPU
		{D84F56EA-21AD-4614-825E-88B39EEEB484}.Debug|Any CPU.ActiveCfg = Debug|Any CPU
		{D84F56EA-21AD-4614-825E-88B39EEEB484}.Debug|Any CPU.Build.0 = Debug|Any CPU
		{D84F56EA-21AD-4614-825E-88B39EEEB484}.Release|Any CPU.ActiveCfg = Release|Any CPU
		{D84F56EA-21AD-4614-825E-88B39EEEB484}.Release|Any CPU.Build.0 = Release|Any CPU
		{B2167274-8DF2-427D-9D71-B34ACAD47B73}.Debug|Any CPU.ActiveCfg = Debug|Any CPU
		{B2167274-8DF2-427D-9D71-B34ACAD47B73}.Debug|Any CPU.Build.0 = Debug|Any CPU
		{B2167274-8DF2-427D-9D71-B34ACAD47B73}.Release|Any CPU.ActiveCfg = Release|Any CPU
		{B2167274-8DF2-427D-9D71-B34ACAD47B73}.Release|Any CPU.Build.0 = Release|Any CPU
		{E5B73624-4E62-422F-A1D5-1DF580D2B976}.Debug|Any CPU.ActiveCfg = Debug|Any CPU
		{E5B73624-4E62-422F-A1D5-1DF580D2B976}.Debug|Any CPU.Build.0 = Debug|Any CPU
		{E5B73624-4E62-422F-A1D5-1DF580D2B976}.Release|Any CPU.ActiveCfg = Release|Any CPU
		{E5B73624-4E62-422F-A1D5-1DF580D2B976}.Release|Any CPU.Build.0 = Release|Any CPU
		{C810C810-9828-4BA8-93D4-68131C1F9B0B}.Debug|Any CPU.ActiveCfg = Debug|Any CPU
		{C810C810-9828-4BA8-93D4-68131C1F9B0B}.Debug|Any CPU.Build.0 = Debug|Any CPU
		{C810C810-9828-4BA8-93D4-68131C1F9B0B}.Release|Any CPU.ActiveCfg = Release|Any CPU
		{C810C810-9828-4BA8-93D4-68131C1F9B0B}.Release|Any CPU.Build.0 = Release|Any CPU
		{52D94214-6248-4E68-BCB9-9E7E919D896E}.Debug|Any CPU.ActiveCfg = Debug|Any CPU
		{52D94214-6248-4E68-BCB9-9E7E919D896E}.Debug|Any CPU.Build.0 = Debug|Any CPU
		{52D94214-6248-4E68-BCB9-9E7E919D896E}.Release|Any CPU.ActiveCfg = Release|Any CPU
		{52D94214-6248-4E68-BCB9-9E7E919D896E}.Release|Any CPU.Build.0 = Release|Any CPU
		{E34899AF-9BD0-498D-8589-1CA088C6B39F}.Debug|Any CPU.ActiveCfg = Debug|Any CPU
		{E34899AF-9BD0-498D-8589-1CA088C6B39F}.Debug|Any CPU.Build.0 = Debug|Any CPU
		{E34899AF-9BD0-498D-8589-1CA088C6B39F}.Release|Any CPU.ActiveCfg = Release|Any CPU
		{E34899AF-9BD0-498D-8589-1CA088C6B39F}.Release|Any CPU.Build.0 = Release|Any CPU
		{667E2665-E3D9-484A-9F31-864CE78F2390}.Debug|Any CPU.ActiveCfg = Debug|Any CPU
		{667E2665-E3D9-484A-9F31-864CE78F2390}.Debug|Any CPU.Build.0 = Debug|Any CPU
		{667E2665-E3D9-484A-9F31-864CE78F2390}.Release|Any CPU.ActiveCfg = Release|Any CPU
		{667E2665-E3D9-484A-9F31-864CE78F2390}.Release|Any CPU.Build.0 = Release|Any CPU
		{AC7EE8E9-4B48-4A98-832D-55C4E04B82F7}.Debug|Any CPU.ActiveCfg = Debug|Any CPU
		{AC7EE8E9-4B48-4A98-832D-55C4E04B82F7}.Debug|Any CPU.Build.0 = Debug|Any CPU
		{AC7EE8E9-4B48-4A98-832D-55C4E04B82F7}.Release|Any CPU.ActiveCfg = Release|Any CPU
		{AC7EE8E9-4B48-4A98-832D-55C4E04B82F7}.Release|Any CPU.Build.0 = Release|Any CPU
		{C8FBE7B1-4648-4BDE-8C4D-83B454521423}.Debug|Any CPU.ActiveCfg = Debug|Any CPU
		{C8FBE7B1-4648-4BDE-8C4D-83B454521423}.Debug|Any CPU.Build.0 = Debug|Any CPU
		{C8FBE7B1-4648-4BDE-8C4D-83B454521423}.Release|Any CPU.ActiveCfg = Release|Any CPU
		{C8FBE7B1-4648-4BDE-8C4D-83B454521423}.Release|Any CPU.Build.0 = Release|Any CPU
		{DE8F1084-5C44-4CBF-A26C-69B3E342A69C}.Debug|Any CPU.ActiveCfg = Debug|Any CPU
		{DE8F1084-5C44-4CBF-A26C-69B3E342A69C}.Debug|Any CPU.Build.0 = Debug|Any CPU
		{DE8F1084-5C44-4CBF-A26C-69B3E342A69C}.Release|Any CPU.ActiveCfg = Release|Any CPU
		{DE8F1084-5C44-4CBF-A26C-69B3E342A69C}.Release|Any CPU.Build.0 = Release|Any CPU
		{41C6E3E1-A071-48F9-8275-C934544DCBA4}.Debug|Any CPU.ActiveCfg = Debug|Any CPU
		{41C6E3E1-A071-48F9-8275-C934544DCBA4}.Debug|Any CPU.Build.0 = Debug|Any CPU
		{41C6E3E1-A071-48F9-8275-C934544DCBA4}.Release|Any CPU.ActiveCfg = Release|Any CPU
		{41C6E3E1-A071-48F9-8275-C934544DCBA4}.Release|Any CPU.Build.0 = Release|Any CPU
		{9E331271-CB0E-4E48-A739-07D4BAB02AC2}.Debug|Any CPU.ActiveCfg = Debug|Any CPU
		{9E331271-CB0E-4E48-A739-07D4BAB02AC2}.Debug|Any CPU.Build.0 = Debug|Any CPU
		{9E331271-CB0E-4E48-A739-07D4BAB02AC2}.Release|Any CPU.ActiveCfg = Release|Any CPU
		{9E331271-CB0E-4E48-A739-07D4BAB02AC2}.Release|Any CPU.Build.0 = Release|Any CPU
		{C2FCEECB-837F-4F76-A6AA-25DD587E0BE1}.Debug|Any CPU.ActiveCfg = Debug|Any CPU
		{C2FCEECB-837F-4F76-A6AA-25DD587E0BE1}.Debug|Any CPU.Build.0 = Debug|Any CPU
		{C2FCEECB-837F-4F76-A6AA-25DD587E0BE1}.Release|Any CPU.ActiveCfg = Release|Any CPU
		{C2FCEECB-837F-4F76-A6AA-25DD587E0BE1}.Release|Any CPU.Build.0 = Release|Any CPU
		{39D6DFB4-BEB8-4E4D-8D34-26E99092EF02}.Debug|Any CPU.ActiveCfg = Debug|Any CPU
		{39D6DFB4-BEB8-4E4D-8D34-26E99092EF02}.Debug|Any CPU.Build.0 = Debug|Any CPU
		{39D6DFB4-BEB8-4E4D-8D34-26E99092EF02}.Release|Any CPU.ActiveCfg = Release|Any CPU
		{39D6DFB4-BEB8-4E4D-8D34-26E99092EF02}.Release|Any CPU.Build.0 = Release|Any CPU
		{532C818D-7DF0-4D0B-850A-811E0B5F695B}.Debug|Any CPU.ActiveCfg = Debug|Any CPU
		{532C818D-7DF0-4D0B-850A-811E0B5F695B}.Debug|Any CPU.Build.0 = Debug|Any CPU
		{532C818D-7DF0-4D0B-850A-811E0B5F695B}.Release|Any CPU.ActiveCfg = Release|Any CPU
		{532C818D-7DF0-4D0B-850A-811E0B5F695B}.Release|Any CPU.Build.0 = Release|Any CPU
		{929BB6C6-CFD7-4214-817F-9FDBD7D736CC}.Debug|Any CPU.ActiveCfg = Debug|Any CPU
		{929BB6C6-CFD7-4214-817F-9FDBD7D736CC}.Debug|Any CPU.Build.0 = Debug|Any CPU
		{929BB6C6-CFD7-4214-817F-9FDBD7D736CC}.Release|Any CPU.ActiveCfg = Release|Any CPU
		{929BB6C6-CFD7-4214-817F-9FDBD7D736CC}.Release|Any CPU.Build.0 = Release|Any CPU
		{13C20753-B853-4D7C-902B-B23708B5A836}.Debug|Any CPU.ActiveCfg = Debug|Any CPU
		{13C20753-B853-4D7C-902B-B23708B5A836}.Debug|Any CPU.Build.0 = Debug|Any CPU
		{13C20753-B853-4D7C-902B-B23708B5A836}.Release|Any CPU.ActiveCfg = Release|Any CPU
		{13C20753-B853-4D7C-902B-B23708B5A836}.Release|Any CPU.Build.0 = Release|Any CPU
		{8324835B-BEEB-433D-9903-A891CB0266C7}.Debug|Any CPU.ActiveCfg = Debug|Any CPU
		{8324835B-BEEB-433D-9903-A891CB0266C7}.Debug|Any CPU.Build.0 = Debug|Any CPU
		{8324835B-BEEB-433D-9903-A891CB0266C7}.Release|Any CPU.ActiveCfg = Release|Any CPU
		{8324835B-BEEB-433D-9903-A891CB0266C7}.Release|Any CPU.Build.0 = Release|Any CPU
		{AEC993AD-C778-4B69-B863-1ACF73439047}.Debug|Any CPU.ActiveCfg = Debug|Any CPU
		{AEC993AD-C778-4B69-B863-1ACF73439047}.Debug|Any CPU.Build.0 = Debug|Any CPU
		{AEC993AD-C778-4B69-B863-1ACF73439047}.Release|Any CPU.ActiveCfg = Release|Any CPU
		{AEC993AD-C778-4B69-B863-1ACF73439047}.Release|Any CPU.Build.0 = Release|Any CPU
		{229D88FD-BFA6-4BA6-BC3E-A873303936DB}.Debug|Any CPU.ActiveCfg = Debug|Any CPU
		{229D88FD-BFA6-4BA6-BC3E-A873303936DB}.Debug|Any CPU.Build.0 = Debug|Any CPU
		{229D88FD-BFA6-4BA6-BC3E-A873303936DB}.Release|Any CPU.ActiveCfg = Release|Any CPU
		{229D88FD-BFA6-4BA6-BC3E-A873303936DB}.Release|Any CPU.Build.0 = Release|Any CPU
		{23B2F3F3-9A4D-4466-BE36-3427C33A48DA}.Debug|Any CPU.ActiveCfg = Debug|Any CPU
		{23B2F3F3-9A4D-4466-BE36-3427C33A48DA}.Debug|Any CPU.Build.0 = Debug|Any CPU
		{23B2F3F3-9A4D-4466-BE36-3427C33A48DA}.Release|Any CPU.ActiveCfg = Release|Any CPU
		{23B2F3F3-9A4D-4466-BE36-3427C33A48DA}.Release|Any CPU.Build.0 = Release|Any CPU
		{CD124047-BB61-4004-A1AE-A330BE0EF62F}.Debug|Any CPU.ActiveCfg = Debug|Any CPU
		{CD124047-BB61-4004-A1AE-A330BE0EF62F}.Debug|Any CPU.Build.0 = Debug|Any CPU
		{CD124047-BB61-4004-A1AE-A330BE0EF62F}.Release|Any CPU.ActiveCfg = Release|Any CPU
		{CD124047-BB61-4004-A1AE-A330BE0EF62F}.Release|Any CPU.Build.0 = Release|Any CPU
		{611A1051-3D24-45D8-8524-B66190B5A305}.Debug|Any CPU.ActiveCfg = Debug|Any CPU
		{611A1051-3D24-45D8-8524-B66190B5A305}.Debug|Any CPU.Build.0 = Debug|Any CPU
		{611A1051-3D24-45D8-8524-B66190B5A305}.Release|Any CPU.ActiveCfg = Release|Any CPU
		{611A1051-3D24-45D8-8524-B66190B5A305}.Release|Any CPU.Build.0 = Release|Any CPU
		{E54988D9-ACBE-4AC4-8A5E-F76C4774E9E2}.Debug|Any CPU.ActiveCfg = Debug|Any CPU
		{E54988D9-ACBE-4AC4-8A5E-F76C4774E9E2}.Debug|Any CPU.Build.0 = Debug|Any CPU
		{E54988D9-ACBE-4AC4-8A5E-F76C4774E9E2}.Release|Any CPU.ActiveCfg = Release|Any CPU
		{E54988D9-ACBE-4AC4-8A5E-F76C4774E9E2}.Release|Any CPU.Build.0 = Release|Any CPU
		{6CB6773D-8539-463D-B6A6-23CB08B1F8A0}.Debug|Any CPU.ActiveCfg = Debug|Any CPU
		{6CB6773D-8539-463D-B6A6-23CB08B1F8A0}.Debug|Any CPU.Build.0 = Debug|Any CPU
		{6CB6773D-8539-463D-B6A6-23CB08B1F8A0}.Release|Any CPU.ActiveCfg = Release|Any CPU
		{6CB6773D-8539-463D-B6A6-23CB08B1F8A0}.Release|Any CPU.Build.0 = Release|Any CPU
		{87E466D0-3E52-4BFD-8DEA-59CFAA5191A3}.Debug|Any CPU.ActiveCfg = Debug|Any CPU
		{87E466D0-3E52-4BFD-8DEA-59CFAA5191A3}.Debug|Any CPU.Build.0 = Debug|Any CPU
		{87E466D0-3E52-4BFD-8DEA-59CFAA5191A3}.Release|Any CPU.ActiveCfg = Release|Any CPU
		{87E466D0-3E52-4BFD-8DEA-59CFAA5191A3}.Release|Any CPU.Build.0 = Release|Any CPU
		{5B9E0923-A9AC-444F-8FCE-54FE3C70FE06}.Debug|Any CPU.ActiveCfg = Debug|Any CPU
		{5B9E0923-A9AC-444F-8FCE-54FE3C70FE06}.Debug|Any CPU.Build.0 = Debug|Any CPU
		{5B9E0923-A9AC-444F-8FCE-54FE3C70FE06}.Release|Any CPU.ActiveCfg = Release|Any CPU
		{5B9E0923-A9AC-444F-8FCE-54FE3C70FE06}.Release|Any CPU.Build.0 = Release|Any CPU
		{C4B1EE71-733E-4BB4-8FDF-C377AA3F296E}.Debug|Any CPU.ActiveCfg = Debug|Any CPU
		{C4B1EE71-733E-4BB4-8FDF-C377AA3F296E}.Debug|Any CPU.Build.0 = Debug|Any CPU
		{C4B1EE71-733E-4BB4-8FDF-C377AA3F296E}.Release|Any CPU.ActiveCfg = Release|Any CPU
		{C4B1EE71-733E-4BB4-8FDF-C377AA3F296E}.Release|Any CPU.Build.0 = Release|Any CPU
		{8E8C60CF-72C7-4F6B-975D-F9D69FB56D26}.Debug|Any CPU.ActiveCfg = Debug|Any CPU
		{8E8C60CF-72C7-4F6B-975D-F9D69FB56D26}.Debug|Any CPU.Build.0 = Debug|Any CPU
		{8E8C60CF-72C7-4F6B-975D-F9D69FB56D26}.Release|Any CPU.ActiveCfg = Release|Any CPU
		{8E8C60CF-72C7-4F6B-975D-F9D69FB56D26}.Release|Any CPU.Build.0 = Release|Any CPU
		{5632280C-178F-4E3F-A084-A52CC736EB19}.Debug|Any CPU.ActiveCfg = Debug|Any CPU
		{5632280C-178F-4E3F-A084-A52CC736EB19}.Debug|Any CPU.Build.0 = Debug|Any CPU
		{5632280C-178F-4E3F-A084-A52CC736EB19}.Release|Any CPU.ActiveCfg = Release|Any CPU
		{5632280C-178F-4E3F-A084-A52CC736EB19}.Release|Any CPU.Build.0 = Release|Any CPU
		{5D50C227-4DE1-4162-9A07-FA795AD963E1}.Debug|Any CPU.ActiveCfg = Debug|Any CPU
		{5D50C227-4DE1-4162-9A07-FA795AD963E1}.Debug|Any CPU.Build.0 = Debug|Any CPU
		{5D50C227-4DE1-4162-9A07-FA795AD963E1}.Release|Any CPU.ActiveCfg = Release|Any CPU
		{5D50C227-4DE1-4162-9A07-FA795AD963E1}.Release|Any CPU.Build.0 = Release|Any CPU
		{5AE2581A-B23C-41B8-B213-AC7E3DB3057F}.Debug|Any CPU.ActiveCfg = Debug|Any CPU
		{5AE2581A-B23C-41B8-B213-AC7E3DB3057F}.Debug|Any CPU.Build.0 = Debug|Any CPU
		{5AE2581A-B23C-41B8-B213-AC7E3DB3057F}.Release|Any CPU.ActiveCfg = Release|Any CPU
		{5AE2581A-B23C-41B8-B213-AC7E3DB3057F}.Release|Any CPU.Build.0 = Release|Any CPU
		{91E449AD-A8CB-4F28-A460-41FE67856711}.Debug|Any CPU.ActiveCfg = Debug|Any CPU
		{91E449AD-A8CB-4F28-A460-41FE67856711}.Debug|Any CPU.Build.0 = Debug|Any CPU
		{91E449AD-A8CB-4F28-A460-41FE67856711}.Release|Any CPU.ActiveCfg = Release|Any CPU
		{91E449AD-A8CB-4F28-A460-41FE67856711}.Release|Any CPU.Build.0 = Release|Any CPU
		{8DF7233F-E876-4D1F-8C26-424FA2DEBA7B}.Debug|Any CPU.ActiveCfg = Debug|Any CPU
		{8DF7233F-E876-4D1F-8C26-424FA2DEBA7B}.Debug|Any CPU.Build.0 = Debug|Any CPU
		{8DF7233F-E876-4D1F-8C26-424FA2DEBA7B}.Release|Any CPU.ActiveCfg = Release|Any CPU
		{8DF7233F-E876-4D1F-8C26-424FA2DEBA7B}.Release|Any CPU.Build.0 = Release|Any CPU
		{3E4B1F18-6348-4026-B8E8-88E44140DADF}.Debug|Any CPU.ActiveCfg = Debug|Any CPU
		{3E4B1F18-6348-4026-B8E8-88E44140DADF}.Debug|Any CPU.Build.0 = Debug|Any CPU
		{3E4B1F18-6348-4026-B8E8-88E44140DADF}.Release|Any CPU.ActiveCfg = Release|Any CPU
		{3E4B1F18-6348-4026-B8E8-88E44140DADF}.Release|Any CPU.Build.0 = Release|Any CPU
	EndGlobalSection
	GlobalSection(SolutionProperties) = preSolution
		HideSolutionNode = FALSE
	EndGlobalSection
	GlobalSection(NestedProjects) = preSolution
		{E006AF19-3B8E-E294-A5A3-17E35CED9C36} = {02EA681E-C7D8-13C7-8484-4AC65E1B71E8}
		{9F31BCB2-B4C7-921A-B894-09841C601D7E} = {6A430E39-F68F-4D03-8183-FE71BCFE9E08}
		{B7AC79C6-B1BB-4BB2-9964-A0EA9FEB4B5C} = {02EA681E-C7D8-13C7-8484-4AC65E1B71E8}
		{D84F56EA-21AD-4614-825E-88B39EEEB484} = {02EA681E-C7D8-13C7-8484-4AC65E1B71E8}
		{B2167274-8DF2-427D-9D71-B34ACAD47B73} = {02EA681E-C7D8-13C7-8484-4AC65E1B71E8}
		{E5B73624-4E62-422F-A1D5-1DF580D2B976} = {02EA681E-C7D8-13C7-8484-4AC65E1B71E8}
		{C810C810-9828-4BA8-93D4-68131C1F9B0B} = {02EA681E-C7D8-13C7-8484-4AC65E1B71E8}
		{52D94214-6248-4E68-BCB9-9E7E919D896E} = {6A430E39-F68F-4D03-8183-FE71BCFE9E08}
		{E34899AF-9BD0-498D-8589-1CA088C6B39F} = {3DDBF496-3293-4284-9EA5-274B1B7F7927}
		{667E2665-E3D9-484A-9F31-864CE78F2390} = {3DDBF496-3293-4284-9EA5-274B1B7F7927}
		{AC7EE8E9-4B48-4A98-832D-55C4E04B82F7} = {3DDBF496-3293-4284-9EA5-274B1B7F7927}
		{6A430E39-F68F-4D03-8183-FE71BCFE9E08} = {02EA681E-C7D8-13C7-8484-4AC65E1B71E8}
		{C8FBE7B1-4648-4BDE-8C4D-83B454521423} = {3DDBF496-3293-4284-9EA5-274B1B7F7927}
		{DE8F1084-5C44-4CBF-A26C-69B3E342A69C} = {3DDBF496-3293-4284-9EA5-274B1B7F7927}
		{41C6E3E1-A071-48F9-8275-C934544DCBA4} = {3DDBF496-3293-4284-9EA5-274B1B7F7927}
		{3DDBF496-3293-4284-9EA5-274B1B7F7927} = {6A430E39-F68F-4D03-8183-FE71BCFE9E08}
		{9E331271-CB0E-4E48-A739-07D4BAB02AC2} = {02EA681E-C7D8-13C7-8484-4AC65E1B71E8}
		{C2FCEECB-837F-4F76-A6AA-25DD587E0BE1} = {02EA681E-C7D8-13C7-8484-4AC65E1B71E8}
		{39D6DFB4-BEB8-4E4D-8D34-26E99092EF02} = {02EA681E-C7D8-13C7-8484-4AC65E1B71E8}
		{532C818D-7DF0-4D0B-850A-811E0B5F695B} = {02EA681E-C7D8-13C7-8484-4AC65E1B71E8}
		{929BB6C6-CFD7-4214-817F-9FDBD7D736CC} = {02EA681E-C7D8-13C7-8484-4AC65E1B71E8}
		{13C20753-B853-4D7C-902B-B23708B5A836} = {02EA681E-C7D8-13C7-8484-4AC65E1B71E8}
		{B0E6267F-B80D-4B30-B56E-216D977ECDA7} = {6A430E39-F68F-4D03-8183-FE71BCFE9E08}
		{8324835B-BEEB-433D-9903-A891CB0266C7} = {B0E6267F-B80D-4B30-B56E-216D977ECDA7}
		{AEC993AD-C778-4B69-B863-1ACF73439047} = {B0E6267F-B80D-4B30-B56E-216D977ECDA7}
		{229D88FD-BFA6-4BA6-BC3E-A873303936DB} = {B0E6267F-B80D-4B30-B56E-216D977ECDA7}
		{23B2F3F3-9A4D-4466-BE36-3427C33A48DA} = {B0E6267F-B80D-4B30-B56E-216D977ECDA7}
		{CD124047-BB61-4004-A1AE-A330BE0EF62F} = {B0E6267F-B80D-4B30-B56E-216D977ECDA7}
		{611A1051-3D24-45D8-8524-B66190B5A305} = {B0E6267F-B80D-4B30-B56E-216D977ECDA7}
		{E54988D9-ACBE-4AC4-8A5E-F76C4774E9E2} = {17BD3EF8-39EF-4E9C-B025-C2CAFE058E9B}
		{6CB6773D-8539-463D-B6A6-23CB08B1F8A0} = {17BD3EF8-39EF-4E9C-B025-C2CAFE058E9B}
		{19179793-D700-4D9C-9464-E23F2D5AACD7} = {17BD3EF8-39EF-4E9C-B025-C2CAFE058E9B}
		{87E466D0-3E52-4BFD-8DEA-59CFAA5191A3} = {19179793-D700-4D9C-9464-E23F2D5AACD7}
		{5B9E0923-A9AC-444F-8FCE-54FE3C70FE06} = {19179793-D700-4D9C-9464-E23F2D5AACD7}
		{C4B1EE71-733E-4BB4-8FDF-C377AA3F296E} = {17BD3EF8-39EF-4E9C-B025-C2CAFE058E9B}
		{8E8C60CF-72C7-4F6B-975D-F9D69FB56D26} = {19179793-D700-4D9C-9464-E23F2D5AACD7}
		{5632280C-178F-4E3F-A084-A52CC736EB19} = {19179793-D700-4D9C-9464-E23F2D5AACD7}
		{5D50C227-4DE1-4162-9A07-FA795AD963E1} = {19179793-D700-4D9C-9464-E23F2D5AACD7}
		{5AE2581A-B23C-41B8-B213-AC7E3DB3057F} = {17BD3EF8-39EF-4E9C-B025-C2CAFE058E9B}
		{91E449AD-A8CB-4F28-A460-41FE67856711} = {19179793-D700-4D9C-9464-E23F2D5AACD7}
		{8DF7233F-E876-4D1F-8C26-424FA2DEBA7B} = {33BA526F-AE21-4307-938C-9A4DBB677822}
		{3E4B1F18-6348-4026-B8E8-88E44140DADF} = {33BA526F-AE21-4307-938C-9A4DBB677822}
	EndGlobalSection
	GlobalSection(ExtensibilityGlobals) = postSolution
		SolutionGuid = {A8231031-9FB5-4F6F-8623-B16F9F3B939D}
	EndGlobalSection
EndGlobal
