
Microsoft Visual Studio Solution File, Format Version 12.00
# Visual Studio Version 17
VisualStudioVersion = 17.14.36414.22
MinimumVisualStudioVersion = 10.0.40219.1
Project("{2150E333-8FDC-42A3-9474-1A3956D46DE8}") = "1. Programming Logic", "1. Programming Logic", "{02EA681E-C7D8-13C7-8484-4AC65E1B71E8}"
EndProject
Project("{FAE04EC0-301F-11D3-BF4B-00C04F79EFBC}") = "Variables", "1. Programming Logic\Variables\Variables.csproj", "{E006AF19-3B8E-E294-A5A3-17E35CED9C36}"
EndProject
Project("{FAE04EC0-301F-11D3-BF4B-00C04F79EFBC}") = "VariablesExercise", "1. Programming Logic\VariablesExercise\VariablesExercise.csproj", "{9F31BCB2-B4C7-921A-B894-09841C601D7E}"
EndProject
Project("{FAE04EC0-301F-11D3-BF4B-00C04F79EFBC}") = "AssignmentOperators", "1. Programming Logic\AssignmentOperators\AssignmentOperators.csproj", "{B7AC79C6-B1BB-4BB2-9964-A0EA9FEB4B5C}"
EndProject
Project("{FAE04EC0-301F-11D3-BF4B-00C04F79EFBC}") = "Conversion", "1. Programming Logic\Conversion\Conversion\Conversion.csproj", "{D84F56EA-21AD-4614-825E-88B39EEEB484}"
EndProject
Project("{FAE04EC0-301F-11D3-BF4B-00C04F79EFBC}") = "ArithmeticOperators", "AO\ArithmeticOperators.csproj", "{B2167274-8DF2-427D-9D71-B34ACAD47B73}"
EndProject
Project("{FAE04EC0-301F-11D3-BF4B-00C04F79EFBC}") = "DataEntryStr", "DataEntry\DataEntryStr.csproj", "{E5B73624-4E62-422F-A1D5-1DF580D2B976}"
EndProject
Project("{FAE04EC0-301F-11D3-BF4B-00C04F79EFBC}") = "DataEntryNumber", "DataEntryNumber\DataEntryNumber.csproj", "{C810C810-9828-4BA8-93D4-68131C1F9B0B}"
EndProject
Global
	GlobalSection(SolutionConfigurationPlatforms) = preSolution
		Debug|Any CPU = Debug|Any CPU
		Release|Any CPU = Release|Any CPU
	EndGlobalSection
	GlobalSection(ProjectConfigurationPlatforms) = postSolution
		{E006AF19-3B8E-E294-A5A3-17E35CED9C36}.Debug|Any CPU.ActiveCfg = Debug|Any CPU
		{E006AF19-3B8E-E294-A5A3-17E35CED9C36}.Debug|Any CPU.Build.0 = Debug|Any CPU
		{E006AF19-3B8E-E294-A5A3-17E35CED9C36}.Release|Any CPU.ActiveCfg = Release|Any CPU
		{E006AF19-3B8E-E294-A5A3-17E35CED9C36}.Release|Any CPU.Build.0 = Release|Any CPU
		{9F31BCB2-B4C7-921A-B894-09841C601D7E}.Debug|Any CPU.ActiveCfg = Debug|Any CPU
		{9F31BCB2-B4C7-921A-B894-09841C601D7E}.Debug|Any CPU.Build.0 = Debug|Any CPU
		{9F31BCB2-B4C7-921A-B894-09841C601D7E}.Release|Any CPU.ActiveCfg = Release|Any CPU
		{9F31BCB2-B4C7-921A-B894-09841C601D7E}.Release|Any CPU.Build.0 = Release|Any CPU
		{B7AC79C6-B1BB-4BB2-9964-A0EA9FEB4B5C}.Debug|Any CPU.ActiveCfg = Debug|Any CPU
		{B7AC79C6-B1BB-4BB2-9964-A0EA9FEB4B5C}.Debug|Any CPU.Build.0 = Debug|Any CPU
		{B7AC79C6-B1BB-4BB2-9964-A0EA9FEB4B5C}.Release|Any CPU.ActiveCfg = Release|Any CPU
		{B7AC79C6-B1BB-4BB2-9964-A0EA9FEB4B5C}.Release|Any CPU.Build.0 = Release|Any CPU
		{D84F56EA-21AD-4614-825E-88B39EEEB484}.Debug|Any CPU.ActiveCfg = Debug|Any CPU
		{D84F56EA-21AD-4614-825E-88B39EEEB484}.Debug|Any CPU.Build.0 = Debug|Any CPU
		{D84F56EA-21AD-4614-825E-88B39EEEB484}.Release|Any CPU.ActiveCfg = Release|Any CPU
		{D84F56EA-21AD-4614-825E-88B39EEEB484}.Release|Any CPU.Build.0 = Release|Any CPU
		{B2167274-8DF2-427D-9D71-B34ACAD47B73}.Debug|Any CPU.ActiveCfg = Debug|Any CPU
		{B2167274-8DF2-427D-9D71-B34ACAD47B73}.Debug|Any CPU.Build.0 = Debug|Any CPU
		{B2167274-8DF2-427D-9D71-B34ACAD47B73}.Release|Any CPU.ActiveCfg = Release|Any CPU
		{B2167274-8DF2-427D-9D71-B34ACAD47B73}.Release|Any CPU.Build.0 = Release|Any CPU
		{E5B73624-4E62-422F-A1D5-1DF580D2B976}.Debug|Any CPU.ActiveCfg = Debug|Any CPU
		{E5B73624-4E62-422F-A1D5-1DF580D2B976}.Debug|Any CPU.Build.0 = Debug|Any CPU
		{E5B73624-4E62-422F-A1D5-1DF580D2B976}.Release|Any CPU.ActiveCfg = Release|Any CPU
		{E5B73624-4E62-422F-A1D5-1DF580D2B976}.Release|Any CPU.Build.0 = Release|Any CPU
		{C810C810-9828-4BA8-93D4-68131C1F9B0B}.Debug|Any CPU.ActiveCfg = Debug|Any CPU
		{C810C810-9828-4BA8-93D4-68131C1F9B0B}.Debug|Any CPU.Build.0 = Debug|Any CPU
		{C810C810-9828-4BA8-93D4-68131C1F9B0B}.Release|Any CPU.ActiveCfg = Release|Any CPU
		{C810C810-9828-4BA8-93D4-68131C1F9B0B}.Release|Any CPU.Build.0 = Release|Any CPU
	EndGlobalSection
	GlobalSection(SolutionProperties) = preSolution
		HideSolutionNode = FALSE
	EndGlobalSection
	GlobalSection(NestedProjects) = preSolution
		{E006AF19-3B8E-E294-A5A3-17E35CED9C36} = {02EA681E-C7D8-13C7-8484-4AC65E1B71E8}
		{9F31BCB2-B4C7-921A-B894-09841C601D7E} = {02EA681E-C7D8-13C7-8484-4AC65E1B71E8}
		{B7AC79C6-B1BB-4BB2-9964-A0EA9FEB4B5C} = {02EA681E-C7D8-13C7-8484-4AC65E1B71E8}
		{D84F56EA-21AD-4614-825E-88B39EEEB484} = {02EA681E-C7D8-13C7-8484-4AC65E1B71E8}
		{B2167274-8DF2-427D-9D71-B34ACAD47B73} = {02EA681E-C7D8-13C7-8484-4AC65E1B71E8}
		{E5B73624-4E62-422F-A1D5-1DF580D2B976} = {02EA681E-C7D8-13C7-8484-4AC65E1B71E8}
	EndGlobalSection
	GlobalSection(ExtensibilityGlobals) = postSolution
		SolutionGuid = {A8231031-9FB5-4F6F-8623-B16F9F3B939D}
	EndGlobalSection
EndGlobal
